
Microsoft Visual Studio Solution File, Format Version 12.00
# Visual Studio Version 17
VisualStudioVersion = 17.13.35931.197 d17.13
MinimumVisualStudioVersion = 10.0.40219.1
Project("{FAE04EC0-301F-11D3-BF4B-00C04F79EFBC}") = "contadorTeste", "contadorTeste\contadorTeste.csproj", "{A313E947-46ED-4914-8E80-78FB37760E11}"
EndProject
Global
	GlobalSection(SolutionConfigurationPlatforms) = preSolution
		Debug|Any CPU = Debug|Any CPU
		Release|Any CPU = Release|Any CPU
	EndGlobalSection
	GlobalSection(ProjectConfigurationPlatforms) = postSolution
		{A313E947-46ED-4914-8E80-78FB37760E11}.Debug|Any CPU.ActiveCfg = Debug|Any CPU
		{A313E947-46ED-4914-8E80-78FB37760E11}.Debug|Any CPU.Build.0 = Debug|Any CPU
		{A313E947-46ED-4914-8E80-78FB37760E11}.Release|Any CPU.ActiveCfg = Release|Any CPU
		{A313E947-46ED-4914-8E80-78FB37760E11}.Release|Any CPU.Build.0 = Release|Any CPU
	EndGlobalSection
	GlobalSection(SolutionProperties) = preSolution
		HideSolutionNode = FALSE
	EndGlobalSection
	GlobalSection(ExtensibilityGlobals) = postSolution
		SolutionGuid = {21DB5293-B3ED-4EF8-849E-BC1FB010D375}
	EndGlobalSection
EndGlobal
