
Microsoft Visual Studio Solution File, Format Version 12.00
# Visual Studio Version 17
VisualStudioVersion = 17.13.35931.197 d17.13
MinimumVisualStudioVersion = 10.0.40219.1
Project("{FAE04EC0-301F-11D3-BF4B-00C04F79EFBC}") = "course", "course\course.csproj", "{A745CDC9-DE82-4BCA-BA46-25F3F0F53444}"
EndProject
Global
	GlobalSection(SolutionConfigurationPlatforms) = preSolution
		Debug|Any CPU = Debug|Any CPU
		Release|Any CPU = Release|Any CPU
	EndGlobalSection
	GlobalSection(ProjectConfigurationPlatforms) = postSolution
		{A745CDC9-DE82-4BCA-BA46-25F3F0F53444}.Debug|Any CPU.ActiveCfg = Debug|Any CPU
		{A745CDC9-DE82-4BCA-BA46-25F3F0F53444}.Debug|Any CPU.Build.0 = Debug|Any CPU
		{A745CDC9-DE82-4BCA-BA46-25F3F0F53444}.Release|Any CPU.ActiveCfg = Release|Any CPU
		{A745CDC9-DE82-4BCA-BA46-25F3F0F53444}.Release|Any CPU.Build.0 = Release|Any CPU
	EndGlobalSection
	GlobalSection(SolutionProperties) = preSolution
		HideSolutionNode = FALSE
	EndGlobalSection
	GlobalSection(ExtensibilityGlobals) = postSolution
		SolutionGuid = {A3A4A1F0-09E9-4763-8A57-D69B34E8A93C}
	EndGlobalSection
EndGlobal
